
Microsoft Visual Studio Solution File, Format Version 12.00
# Visual Studio Version 16
VisualStudioVersion = 16.0.31402.337
MinimumVisualStudioVersion = 10.0.40219.1
Project("{9A19103F-16F7-4668-BE54-9A1E7A4F7556}") = "ByteBank", "ByteBank.csproj", "{681CF6B1-0EC0-4B57-93AD-772301AA5DE9}"
EndProject
Project("{9A19103F-16F7-4668-BE54-9A1E7A4F7556}") = "Models", "..\Models\Models.csproj", "{E2B0E4A9-BD15-4D84-8414-E8DD7E9275CD}"
EndProject
Project("{FAE04EC0-301F-11D3-BF4B-00C04F79EFBC}") = "SistemaInterno", "..\SistemaInterno\SistemaInterno.csproj", "{69456BB9-4527-4B32-99EC-9CCCF4346AA5}"
EndProject
Global
	GlobalSection(SolutionConfigurationPlatforms) = preSolution
		Debug|Any CPU = Debug|Any CPU
		Release|Any CPU = Release|Any CPU
	EndGlobalSection
	GlobalSection(ProjectConfigurationPlatforms) = postSolution
		{681CF6B1-0EC0-4B57-93AD-772301AA5DE9}.Debug|Any CPU.ActiveCfg = Debug|Any CPU
		{681CF6B1-0EC0-4B57-93AD-772301AA5DE9}.Debug|Any CPU.Build.0 = Debug|Any CPU
		{681CF6B1-0EC0-4B57-93AD-772301AA5DE9}.Release|Any CPU.ActiveCfg = Release|Any CPU
		{681CF6B1-0EC0-4B57-93AD-772301AA5DE9}.Release|Any CPU.Build.0 = Release|Any CPU
		{E2B0E4A9-BD15-4D84-8414-E8DD7E9275CD}.Debug|Any CPU.ActiveCfg = Debug|Any CPU
		{E2B0E4A9-BD15-4D84-8414-E8DD7E9275CD}.Debug|Any CPU.Build.0 = Debug|Any CPU
		{E2B0E4A9-BD15-4D84-8414-E8DD7E9275CD}.Release|Any CPU.ActiveCfg = Release|Any CPU
		{E2B0E4A9-BD15-4D84-8414-E8DD7E9275CD}.Release|Any CPU.Build.0 = Release|Any CPU
		{69456BB9-4527-4B32-99EC-9CCCF4346AA5}.Debug|Any CPU.ActiveCfg = Debug|Any CPU
		{69456BB9-4527-4B32-99EC-9CCCF4346AA5}.Debug|Any CPU.Build.0 = Debug|Any CPU
		{69456BB9-4527-4B32-99EC-9CCCF4346AA5}.Release|Any CPU.ActiveCfg = Release|Any CPU
		{69456BB9-4527-4B32-99EC-9CCCF4346AA5}.Release|Any CPU.Build.0 = Release|Any CPU
	EndGlobalSection
	GlobalSection(SolutionProperties) = preSolution
		HideSolutionNode = FALSE
	EndGlobalSection
	GlobalSection(ExtensibilityGlobals) = postSolution
		SolutionGuid = {7AF9C018-FB21-4E8F-8630-AA0CAEF589F9}
	EndGlobalSection
EndGlobal
